
Microsoft Visual Studio Solution File, Format Version 12.00
# Visual Studio 14
VisualStudioVersion = 14.0.25420.1
MinimumVisualStudioVersion = 10.0.40219.1
Project("{FAE04EC0-301F-11D3-BF4B-00C04F79EFBC}") = "NuGet.Extension", "NuGet.Extension\NuGet.Extension.csproj", "{64188F1D-1E82-4185-A95B-2194B9EFF07E}"
EndProject
Global
	GlobalSection(SolutionConfigurationPlatforms) = preSolution
		CD_ROM|Any CPU = CD_ROM|Any CPU
		Debug|Any CPU = Debug|Any CPU
		DVD-5|Any CPU = DVD-5|Any CPU
		Release|Any CPU = Release|Any CPU
		SingleImage|Any CPU = SingleImage|Any CPU
	EndGlobalSection
	GlobalSection(ProjectConfigurationPlatforms) = postSolution
		{64188F1D-1E82-4185-A95B-2194B9EFF07E}.CD_ROM|Any CPU.ActiveCfg = Release|Any CPU
		{64188F1D-1E82-4185-A95B-2194B9EFF07E}.CD_ROM|Any CPU.Build.0 = Release|Any CPU
		{64188F1D-1E82-4185-A95B-2194B9EFF07E}.Debug|Any CPU.ActiveCfg = Debug|Any CPU
		{64188F1D-1E82-4185-A95B-2194B9EFF07E}.Debug|Any CPU.Build.0 = Debug|Any CPU
		{64188F1D-1E82-4185-A95B-2194B9EFF07E}.DVD-5|Any CPU.ActiveCfg = Debug|Any CPU
		{64188F1D-1E82-4185-A95B-2194B9EFF07E}.DVD-5|Any CPU.Build.0 = Debug|Any CPU
		{64188F1D-1E82-4185-A95B-2194B9EFF07E}.Release|Any CPU.ActiveCfg = Release|Any CPU
		{64188F1D-1E82-4185-A95B-2194B9EFF07E}.Release|Any CPU.Build.0 = Release|Any CPU
		{64188F1D-1E82-4185-A95B-2194B9EFF07E}.SingleImage|Any CPU.ActiveCfg = Release|Any CPU
		{64188F1D-1E82-4185-A95B-2194B9EFF07E}.SingleImage|Any CPU.Build.0 = Release|Any CPU
	EndGlobalSection
	GlobalSection(SolutionProperties) = preSolution
		HideSolutionNode = FALSE
	EndGlobalSection
EndGlobal
